
Microsoft Visual Studio Solution File, Format Version 12.00
# Visual Studio Version 16
VisualStudioVersion = 16.0.30804.86
MinimumVisualStudioVersion = 10.0.40219.1
Project("{FAE04EC0-301F-11D3-BF4B-00C04F79EFBC}") = "pro", "pro\pro.csproj", "{F2984EAA-B39F-45C1-BCAD-8F5067271FA0}"
EndProject
Project("{FAE04EC0-301F-11D3-BF4B-00C04F79EFBC}") = "EntityLayer", "EntityLayer\EntityLayer.csproj", "{31E31412-3FED-4200-9BC2-B21EFF90B87E}"
EndProject
Project("{FAE04EC0-301F-11D3-BF4B-00C04F79EFBC}") = "FacadeLayer", "FacadeLayer\FacadeLayer.csproj", "{ADBE32F6-90AB-4DCD-BBE2-AC3FDA15D3F0}"
EndProject
Project("{FAE04EC0-301F-11D3-BF4B-00C04F79EFBC}") = "BusinessLogicLayer", "BusinessLogicLayer\BusinessLogicLayer.csproj", "{FE38D4DB-C933-469E-BAD4-7F930A25E2B8}"
EndProject
Global
	GlobalSection(SolutionConfigurationPlatforms) = preSolution
		CD_ROM|Any CPU = CD_ROM|Any CPU
		Custom|Any CPU = Custom|Any CPU
		Debug|Any CPU = Debug|Any CPU
		DVD-10|Any CPU = DVD-10|Any CPU
		DVD-18|Any CPU = DVD-18|Any CPU
		DVD-5|Any CPU = DVD-5|Any CPU
		DVD-9|Any CPU = DVD-9|Any CPU
		Release|Any CPU = Release|Any CPU
		SingleImage|Any CPU = SingleImage|Any CPU
		WebDeployment|Any CPU = WebDeployment|Any CPU
	EndGlobalSection
	GlobalSection(ProjectConfigurationPlatforms) = postSolution
		{F2984EAA-B39F-45C1-BCAD-8F5067271FA0}.CD_ROM|Any CPU.ActiveCfg = Release|Any CPU
		{F2984EAA-B39F-45C1-BCAD-8F5067271FA0}.CD_ROM|Any CPU.Build.0 = Release|Any CPU
		{F2984EAA-B39F-45C1-BCAD-8F5067271FA0}.Custom|Any CPU.ActiveCfg = Release|Any CPU
		{F2984EAA-B39F-45C1-BCAD-8F5067271FA0}.Custom|Any CPU.Build.0 = Release|Any CPU
		{F2984EAA-B39F-45C1-BCAD-8F5067271FA0}.Debug|Any CPU.ActiveCfg = Debug|Any CPU
		{F2984EAA-B39F-45C1-BCAD-8F5067271FA0}.Debug|Any CPU.Build.0 = Debug|Any CPU
		{F2984EAA-B39F-45C1-BCAD-8F5067271FA0}.DVD-10|Any CPU.ActiveCfg = Debug|Any CPU
		{F2984EAA-B39F-45C1-BCAD-8F5067271FA0}.DVD-10|Any CPU.Build.0 = Debug|Any CPU
		{F2984EAA-B39F-45C1-BCAD-8F5067271FA0}.DVD-18|Any CPU.ActiveCfg = Debug|Any CPU
		{F2984EAA-B39F-45C1-BCAD-8F5067271FA0}.DVD-18|Any CPU.Build.0 = Debug|Any CPU
		{F2984EAA-B39F-45C1-BCAD-8F5067271FA0}.DVD-5|Any CPU.ActiveCfg = Debug|Any CPU
		{F2984EAA-B39F-45C1-BCAD-8F5067271FA0}.DVD-5|Any CPU.Build.0 = Debug|Any CPU
		{F2984EAA-B39F-45C1-BCAD-8F5067271FA0}.DVD-9|Any CPU.ActiveCfg = Debug|Any CPU
		{F2984EAA-B39F-45C1-BCAD-8F5067271FA0}.DVD-9|Any CPU.Build.0 = Debug|Any CPU
		{F2984EAA-B39F-45C1-BCAD-8F5067271FA0}.Release|Any CPU.ActiveCfg = Release|Any CPU
		{F2984EAA-B39F-45C1-BCAD-8F5067271FA0}.Release|Any CPU.Build.0 = Release|Any CPU
		{F2984EAA-B39F-45C1-BCAD-8F5067271FA0}.SingleImage|Any CPU.ActiveCfg = Release|Any CPU
		{F2984EAA-B39F-45C1-BCAD-8F5067271FA0}.SingleImage|Any CPU.Build.0 = Release|Any CPU
		{F2984EAA-B39F-45C1-BCAD-8F5067271FA0}.WebDeployment|Any CPU.ActiveCfg = Release|Any CPU
		{F2984EAA-B39F-45C1-BCAD-8F5067271FA0}.WebDeployment|Any CPU.Build.0 = Release|Any CPU
		{31E31412-3FED-4200-9BC2-B21EFF90B87E}.CD_ROM|Any CPU.ActiveCfg = Release|Any CPU
		{31E31412-3FED-4200-9BC2-B21EFF90B87E}.CD_ROM|Any CPU.Build.0 = Release|Any CPU
		{31E31412-3FED-4200-9BC2-B21EFF90B87E}.Custom|Any CPU.ActiveCfg = Release|Any CPU
		{31E31412-3FED-4200-9BC2-B21EFF90B87E}.Custom|Any CPU.Build.0 = Release|Any CPU
		{31E31412-3FED-4200-9BC2-B21EFF90B87E}.Debug|Any CPU.ActiveCfg = Debug|Any CPU
		{31E31412-3FED-4200-9BC2-B21EFF90B87E}.Debug|Any CPU.Build.0 = Debug|Any CPU
		{31E31412-3FED-4200-9BC2-B21EFF90B87E}.DVD-10|Any CPU.ActiveCfg = Debug|Any CPU
		{31E31412-3FED-4200-9BC2-B21EFF90B87E}.DVD-10|Any CPU.Build.0 = Debug|Any CPU
		{31E31412-3FED-4200-9BC2-B21EFF90B87E}.DVD-18|Any CPU.ActiveCfg = Debug|Any CPU
		{31E31412-3FED-4200-9BC2-B21EFF90B87E}.DVD-18|Any CPU.Build.0 = Debug|Any CPU
		{31E31412-3FED-4200-9BC2-B21EFF90B87E}.DVD-5|Any CPU.ActiveCfg = Debug|Any CPU
		{31E31412-3FED-4200-9BC2-B21EFF90B87E}.DVD-5|Any CPU.Build.0 = Debug|Any CPU
		{31E31412-3FED-4200-9BC2-B21EFF90B87E}.DVD-9|Any CPU.ActiveCfg = Debug|Any CPU
		{31E31412-3FED-4200-9BC2-B21EFF90B87E}.DVD-9|Any CPU.Build.0 = Debug|Any CPU
		{31E31412-3FED-4200-9BC2-B21EFF90B87E}.Release|Any CPU.ActiveCfg = Release|Any CPU
		{31E31412-3FED-4200-9BC2-B21EFF90B87E}.Release|Any CPU.Build.0 = Release|Any CPU
		{31E31412-3FED-4200-9BC2-B21EFF90B87E}.SingleImage|Any CPU.ActiveCfg = Release|Any CPU
		{31E31412-3FED-4200-9BC2-B21EFF90B87E}.SingleImage|Any CPU.Build.0 = Release|Any CPU
		{31E31412-3FED-4200-9BC2-B21EFF90B87E}.WebDeployment|Any CPU.ActiveCfg = Release|Any CPU
		{31E31412-3FED-4200-9BC2-B21EFF90B87E}.WebDeployment|Any CPU.Build.0 = Release|Any CPU
		{ADBE32F6-90AB-4DCD-BBE2-AC3FDA15D3F0}.CD_ROM|Any CPU.ActiveCfg = Release|Any CPU
		{ADBE32F6-90AB-4DCD-BBE2-AC3FDA15D3F0}.CD_ROM|Any CPU.Build.0 = Release|Any CPU
		{ADBE32F6-90AB-4DCD-BBE2-AC3FDA15D3F0}.Custom|Any CPU.ActiveCfg = Release|Any CPU
		{ADBE32F6-90AB-4DCD-BBE2-AC3FDA15D3F0}.Custom|Any CPU.Build.0 = Release|Any CPU
		{ADBE32F6-90AB-4DCD-BBE2-AC3FDA15D3F0}.Debug|Any CPU.ActiveCfg = Debug|Any CPU
		{ADBE32F6-90AB-4DCD-BBE2-AC3FDA15D3F0}.Debug|Any CPU.Build.0 = Debug|Any CPU
		{ADBE32F6-90AB-4DCD-BBE2-AC3FDA15D3F0}.DVD-10|Any CPU.ActiveCfg = Debug|Any CPU
		{ADBE32F6-90AB-4DCD-BBE2-AC3FDA15D3F0}.DVD-10|Any CPU.Build.0 = Debug|Any CPU
		{ADBE32F6-90AB-4DCD-BBE2-AC3FDA15D3F0}.DVD-18|Any CPU.ActiveCfg = Debug|Any CPU
		{ADBE32F6-90AB-4DCD-BBE2-AC3FDA15D3F0}.DVD-18|Any CPU.Build.0 = Debug|Any CPU
		{ADBE32F6-90AB-4DCD-BBE2-AC3FDA15D3F0}.DVD-5|Any CPU.ActiveCfg = Debug|Any CPU
		{ADBE32F6-90AB-4DCD-BBE2-AC3FDA15D3F0}.DVD-5|Any CPU.Build.0 = Debug|Any CPU
		{ADBE32F6-90AB-4DCD-BBE2-AC3FDA15D3F0}.DVD-9|Any CPU.ActiveCfg = Debug|Any CPU
		{ADBE32F6-90AB-4DCD-BBE2-AC3FDA15D3F0}.DVD-9|Any CPU.Build.0 = Debug|Any CPU
		{ADBE32F6-90AB-4DCD-BBE2-AC3FDA15D3F0}.Release|Any CPU.ActiveCfg = Release|Any CPU
		{ADBE32F6-90AB-4DCD-BBE2-AC3FDA15D3F0}.Release|Any CPU.Build.0 = Release|Any CPU
		{ADBE32F6-90AB-4DCD-BBE2-AC3FDA15D3F0}.SingleImage|Any CPU.ActiveCfg = Release|Any CPU
		{ADBE32F6-90AB-4DCD-BBE2-AC3FDA15D3F0}.SingleImage|Any CPU.Build.0 = Release|Any CPU
		{ADBE32F6-90AB-4DCD-BBE2-AC3FDA15D3F0}.WebDeployment|Any CPU.ActiveCfg = Release|Any CPU
		{ADBE32F6-90AB-4DCD-BBE2-AC3FDA15D3F0}.WebDeployment|Any CPU.Build.0 = Release|Any CPU
		{FE38D4DB-C933-469E-BAD4-7F930A25E2B8}.CD_ROM|Any CPU.ActiveCfg = Release|Any CPU
		{FE38D4DB-C933-469E-BAD4-7F930A25E2B8}.CD_ROM|Any CPU.Build.0 = Release|Any CPU
		{FE38D4DB-C933-469E-BAD4-7F930A25E2B8}.Custom|Any CPU.ActiveCfg = Release|Any CPU
		{FE38D4DB-C933-469E-BAD4-7F930A25E2B8}.Custom|Any CPU.Build.0 = Release|Any CPU
		{FE38D4DB-C933-469E-BAD4-7F930A25E2B8}.Debug|Any CPU.ActiveCfg = Debug|Any CPU
		{FE38D4DB-C933-469E-BAD4-7F930A25E2B8}.Debug|Any CPU.Build.0 = Debug|Any CPU
		{FE38D4DB-C933-469E-BAD4-7F930A25E2B8}.DVD-10|Any CPU.ActiveCfg = Debug|Any CPU
		{FE38D4DB-C933-469E-BAD4-7F930A25E2B8}.DVD-10|Any CPU.Build.0 = Debug|Any CPU
		{FE38D4DB-C933-469E-BAD4-7F930A25E2B8}.DVD-18|Any CPU.ActiveCfg = Debug|Any CPU
		{FE38D4DB-C933-469E-BAD4-7F930A25E2B8}.DVD-18|Any CPU.Build.0 = Debug|Any CPU
		{FE38D4DB-C933-469E-BAD4-7F930A25E2B8}.DVD-5|Any CPU.ActiveCfg = Debug|Any CPU
		{FE38D4DB-C933-469E-BAD4-7F930A25E2B8}.DVD-5|Any CPU.Build.0 = Debug|Any CPU
		{FE38D4DB-C933-469E-BAD4-7F930A25E2B8}.DVD-9|Any CPU.ActiveCfg = Debug|Any CPU
		{FE38D4DB-C933-469E-BAD4-7F930A25E2B8}.DVD-9|Any CPU.Build.0 = Debug|Any CPU
		{FE38D4DB-C933-469E-BAD4-7F930A25E2B8}.Release|Any CPU.ActiveCfg = Release|Any CPU
		{FE38D4DB-C933-469E-BAD4-7F930A25E2B8}.Release|Any CPU.Build.0 = Release|Any CPU
		{FE38D4DB-C933-469E-BAD4-7F930A25E2B8}.SingleImage|Any CPU.ActiveCfg = Release|Any CPU
		{FE38D4DB-C933-469E-BAD4-7F930A25E2B8}.SingleImage|Any CPU.Build.0 = Release|Any CPU
		{FE38D4DB-C933-469E-BAD4-7F930A25E2B8}.WebDeployment|Any CPU.ActiveCfg = Release|Any CPU
		{FE38D4DB-C933-469E-BAD4-7F930A25E2B8}.WebDeployment|Any CPU.Build.0 = Release|Any CPU
	EndGlobalSection
	GlobalSection(SolutionProperties) = preSolution
		HideSolutionNode = FALSE
	EndGlobalSection
	GlobalSection(ExtensibilityGlobals) = postSolution
		SolutionGuid = {85E86D0A-002E-41C6-B9C3-34632FA08EC8}
	EndGlobalSection
EndGlobal
